
Microsoft Visual Studio Solution File, Format Version 12.00
# Visual Studio Version 17
VisualStudioVersion = 17.8.34525.116
MinimumVisualStudioVersion = 10.0.40219.1
Project("{FAE04EC0-301F-11D3-BF4B-00C04F79EFBC}") = "PARCIAL1A", "P1_2021TH650_2021MP650\PARCIAL1A.csproj", "{8137727F-8609-460B-866F-1A83869DF306}"
EndProject
Global
	GlobalSection(SolutionConfigurationPlatforms) = preSolution
		Debug|Any CPU = Debug|Any CPU
		Release|Any CPU = Release|Any CPU
	EndGlobalSection
	GlobalSection(ProjectConfigurationPlatforms) = postSolution
		{8137727F-8609-460B-866F-1A83869DF306}.Debug|Any CPU.ActiveCfg = Debug|Any CPU
		{8137727F-8609-460B-866F-1A83869DF306}.Debug|Any CPU.Build.0 = Debug|Any CPU
		{8137727F-8609-460B-866F-1A83869DF306}.Release|Any CPU.ActiveCfg = Release|Any CPU
		{8137727F-8609-460B-866F-1A83869DF306}.Release|Any CPU.Build.0 = Release|Any CPU
	EndGlobalSection
	GlobalSection(SolutionProperties) = preSolution
		HideSolutionNode = FALSE
	EndGlobalSection
	GlobalSection(ExtensibilityGlobals) = postSolution
		SolutionGuid = {F300449A-70B8-49D9-AD9F-C930FC43EC2E}
	EndGlobalSection
EndGlobal
